// !$*UTF8*$!
{
	archiveVersion = 1;
	classes = {
	};
	objectVersion = 51;
	objects = {

/* Begin PBXBuildFile section */
		B5EC9BC50C4210026B6E9870 /* Pods_Ethereum_Gas_Price.framework in Frameworks */ = {isa = PBXBuildFile; fileRef = 9095ACB4CD0A1519B8A1FA9A /* Pods_Ethereum_Gas_Price.framework */; };
		F099E11323D3AE7400F20B7B /* AppDelegate.swift in Sources */ = {isa = PBXBuildFile; fileRef = F099E11223D3AE7400F20B7B /* AppDelegate.swift */; };
		F099E11523D3AE7400F20B7B /* SceneDelegate.swift in Sources */ = {isa = PBXBuildFile; fileRef = F099E11423D3AE7400F20B7B /* SceneDelegate.swift */; };
		F099E11723D3AE7400F20B7B /* ViewController.swift in Sources */ = {isa = PBXBuildFile; fileRef = F099E11623D3AE7400F20B7B /* ViewController.swift */; };
		F099E12823D3AFD600F20B7B /* Main.storyboard in Resources */ = {isa = PBXBuildFile; fileRef = F099E12723D3AFD600F20B7B /* Main.storyboard */; };
		F099E12C23D3AFEB00F20B7B /* EGPNetwork.swift in Sources */ = {isa = PBXBuildFile; fileRef = F099E12923D3AFEA00F20B7B /* EGPNetwork.swift */; };
		F099E12D23D3AFEB00F20B7B /* ETHGasModel.swift in Sources */ = {isa = PBXBuildFile; fileRef = F099E12A23D3AFEB00F20B7B /* ETHGasModel.swift */; };
		F099E12E23D3AFEB00F20B7B /* EthPriceModel.swift in Sources */ = {isa = PBXBuildFile; fileRef = F099E12B23D3AFEB00F20B7B /* EthPriceModel.swift */; };
		F099E13123D3B02400F20B7B /* Assets.xcassets in Resources */ = {isa = PBXBuildFile; fileRef = F099E13023D3B02400F20B7B /* Assets.xcassets */; };
		F099E13823D3B0DB00F20B7B /* NotificationCenter.framework in Frameworks */ = {isa = PBXBuildFile; fileRef = F099E13723D3B0DB00F20B7B /* NotificationCenter.framework */; };
		F099E14223D3B0DB00F20B7B /* Ethereum Gas Price Extension.appex in Embed App Extensions */ = {isa = PBXBuildFile; fileRef = F099E13623D3B0DB00F20B7B /* Ethereum Gas Price Extension.appex */; settings = {ATTRIBUTES = (RemoveHeadersOnCopy, ); }; };
		F099E15A23D3B12B00F20B7B /* TodayViewController.swift in Sources */ = {isa = PBXBuildFile; fileRef = F099E15823D3B12B00F20B7B /* TodayViewController.swift */; };
		F099E15D23D3B13E00F20B7B /* MainInterface.storyboard in Resources */ = {isa = PBXBuildFile; fileRef = F099E15C23D3B13E00F20B7B /* MainInterface.storyboard */; };
		F099E15E23D3B16000F20B7B /* EGPNetwork.swift in Sources */ = {isa = PBXBuildFile; fileRef = F099E12923D3AFEA00F20B7B /* EGPNetwork.swift */; };
		F099E16423D3B1A100F20B7B /* ETHGasModel.swift in Sources */ = {isa = PBXBuildFile; fileRef = F099E12A23D3AFEB00F20B7B /* ETHGasModel.swift */; };
		F099E16523D3B1A400F20B7B /* EthPriceModel.swift in Sources */ = {isa = PBXBuildFile; fileRef = F099E12B23D3AFEB00F20B7B /* EthPriceModel.swift */; };
		F099E16723D3B28400F20B7B /* Constants.swift in Sources */ = {isa = PBXBuildFile; fileRef = F099E16623D3B28400F20B7B /* Constants.swift */; };
		F099E16823D3B28400F20B7B /* Constants.swift in Sources */ = {isa = PBXBuildFile; fileRef = F099E16623D3B28400F20B7B /* Constants.swift */; };
		F099E16A23D3BE3F00F20B7B /* LaunchScreen.storyboard in Resources */ = {isa = PBXBuildFile; fileRef = F099E16923D3BE3F00F20B7B /* LaunchScreen.storyboard */; };
		F099E16B23D3BE3F00F20B7B /* LaunchScreen.storyboard in Resources */ = {isa = PBXBuildFile; fileRef = F099E16923D3BE3F00F20B7B /* LaunchScreen.storyboard */; };
/* End PBXBuildFile section */

/* Begin PBXContainerItemProxy section */
		F099E14023D3B0DB00F20B7B /* PBXContainerItemProxy */ = {
			isa = PBXContainerItemProxy;
			containerPortal = F099E10723D3AE7400F20B7B /* Project object */;
			proxyType = 1;
			remoteGlobalIDString = F099E13523D3B0DB00F20B7B;
			remoteInfo = "Ethereum Gas Price Extension";
		};
/* End PBXContainerItemProxy section */

/* Begin PBXCopyFilesBuildPhase section */
		F099E14623D3B0DB00F20B7B /* Embed App Extensions */ = {
			isa = PBXCopyFilesBuildPhase;
			buildActionMask = 2147483647;
			dstPath = "";
			dstSubfolderSpec = 13;
			files = (
				F099E14223D3B0DB00F20B7B /* Ethereum Gas Price Extension.appex in Embed App Extensions */,
			);
			name = "Embed App Extensions";
			runOnlyForDeploymentPostprocessing = 0;
		};
/* End PBXCopyFilesBuildPhase section */

/* Begin PBXFileReference section */
		9095ACB4CD0A1519B8A1FA9A /* Pods_Ethereum_Gas_Price.framework */ = {isa = PBXFileReference; explicitFileType = wrapper.framework; includeInIndex = 0; path = Pods_Ethereum_Gas_Price.framework; sourceTree = BUILT_PRODUCTS_DIR; };
		C8349BC990DDFABA75A61591 /* Pods-Ethereum Gas Price.debug.xcconfig */ = {isa = PBXFileReference; includeInIndex = 1; lastKnownFileType = text.xcconfig; name = "Pods-Ethereum Gas Price.debug.xcconfig"; path = "Target Support Files/Pods-Ethereum Gas Price/Pods-Ethereum Gas Price.debug.xcconfig"; sourceTree = "<group>"; };
		DE31E249436E5C514A538EDD /* Pods-Ethereum Gas Price.release.xcconfig */ = {isa = PBXFileReference; includeInIndex = 1; lastKnownFileType = text.xcconfig; name = "Pods-Ethereum Gas Price.release.xcconfig"; path = "Target Support Files/Pods-Ethereum Gas Price/Pods-Ethereum Gas Price.release.xcconfig"; sourceTree = "<group>"; };
		F099E10F23D3AE7400F20B7B /* Ethereum Gas Price.app */ = {isa = PBXFileReference; explicitFileType = wrapper.application; includeInIndex = 0; path = "Ethereum Gas Price.app"; sourceTree = BUILT_PRODUCTS_DIR; };
		F099E11223D3AE7400F20B7B /* AppDelegate.swift */ = {isa = PBXFileReference; lastKnownFileType = sourcecode.swift; path = AppDelegate.swift; sourceTree = "<group>"; };
		F099E11423D3AE7400F20B7B /* SceneDelegate.swift */ = {isa = PBXFileReference; lastKnownFileType = sourcecode.swift; path = SceneDelegate.swift; sourceTree = "<group>"; };
		F099E11623D3AE7400F20B7B /* ViewController.swift */ = {isa = PBXFileReference; lastKnownFileType = sourcecode.swift; path = ViewController.swift; sourceTree = "<group>"; };
		F099E12023D3AE7600F20B7B /* Info.plist */ = {isa = PBXFileReference; lastKnownFileType = text.plist.xml; path = Info.plist; sourceTree = "<group>"; };
		F099E12723D3AFD600F20B7B /* Main.storyboard */ = {isa = PBXFileReference; fileEncoding = 4; lastKnownFileType = file.storyboard; path = Main.storyboard; sourceTree = "<group>"; };
		F099E12923D3AFEA00F20B7B /* EGPNetwork.swift */ = {isa = PBXFileReference; fileEncoding = 4; lastKnownFileType = sourcecode.swift; path = EGPNetwork.swift; sourceTree = "<group>"; };
		F099E12A23D3AFEB00F20B7B /* ETHGasModel.swift */ = {isa = PBXFileReference; fileEncoding = 4; lastKnownFileType = sourcecode.swift; path = ETHGasModel.swift; sourceTree = "<group>"; };
		F099E12B23D3AFEB00F20B7B /* EthPriceModel.swift */ = {isa = PBXFileReference; fileEncoding = 4; lastKnownFileType = sourcecode.swift; path = EthPriceModel.swift; sourceTree = "<group>"; };
		F099E13023D3B02400F20B7B /* Assets.xcassets */ = {isa = PBXFileReference; lastKnownFileType = folder.assetcatalog; name = Assets.xcassets; path = ../../../../../Downloads/EthGasPrice/EthGasPrice/Assets.xcassets; sourceTree = "<group>"; };
		F099E13623D3B0DB00F20B7B /* Ethereum Gas Price Extension.appex */ = {isa = PBXFileReference; explicitFileType = "wrapper.app-extension"; includeInIndex = 0; path = "Ethereum Gas Price Extension.appex"; sourceTree = BUILT_PRODUCTS_DIR; };
		F099E13723D3B0DB00F20B7B /* NotificationCenter.framework */ = {isa = PBXFileReference; lastKnownFileType = wrapper.framework; name = NotificationCenter.framework; path = System/Library/Frameworks/NotificationCenter.framework; sourceTree = SDKROOT; };
		F099E13F23D3B0DB00F20B7B /* Info.plist */ = {isa = PBXFileReference; lastKnownFileType = text.plist.xml; path = Info.plist; sourceTree = "<group>"; };
		F099E15823D3B12B00F20B7B /* TodayViewController.swift */ = {isa = PBXFileReference; fileEncoding = 4; lastKnownFileType = sourcecode.swift; name = TodayViewController.swift; path = ../../../../../.Trash/TodayViewController.swift; sourceTree = "<group>"; };
		F099E15C23D3B13E00F20B7B /* MainInterface.storyboard */ = {isa = PBXFileReference; fileEncoding = 4; lastKnownFileType = file.storyboard; path = MainInterface.storyboard; sourceTree = "<group>"; };
		F099E16623D3B28400F20B7B /* Constants.swift */ = {isa = PBXFileReference; lastKnownFileType = sourcecode.swift; path = Constants.swift; sourceTree = "<group>"; };
		F099E16923D3BE3F00F20B7B /* LaunchScreen.storyboard */ = {isa = PBXFileReference; fileEncoding = 4; lastKnownFileType = file.storyboard; path = LaunchScreen.storyboard; sourceTree = "<group>"; };
/* End PBXFileReference section */

/* Begin PBXFrameworksBuildPhase section */
		F099E10C23D3AE7400F20B7B /* Frameworks */ = {
			isa = PBXFrameworksBuildPhase;
			buildActionMask = 2147483647;
			files = (
				B5EC9BC50C4210026B6E9870 /* Pods_Ethereum_Gas_Price.framework in Frameworks */,
			);
			runOnlyForDeploymentPostprocessing = 0;
		};
		F099E13323D3B0DB00F20B7B /* Frameworks */ = {
			isa = PBXFrameworksBuildPhase;
			buildActionMask = 2147483647;
			files = (
				F099E13823D3B0DB00F20B7B /* NotificationCenter.framework in Frameworks */,
			);
			runOnlyForDeploymentPostprocessing = 0;
		};
/* End PBXFrameworksBuildPhase section */

/* Begin PBXGroup section */
		A63B390A0D5F4AADAEDF1881 /* Frameworks */ = {
			isa = PBXGroup;
			children = (
				9095ACB4CD0A1519B8A1FA9A /* Pods_Ethereum_Gas_Price.framework */,
				F099E13723D3B0DB00F20B7B /* NotificationCenter.framework */,
			);
			name = Frameworks;
			sourceTree = "<group>";
		};
		E3C82529EB44B5D444D54A06 /* Pods */ = {
			isa = PBXGroup;
			children = (
				C8349BC990DDFABA75A61591 /* Pods-Ethereum Gas Price.debug.xcconfig */,
				DE31E249436E5C514A538EDD /* Pods-Ethereum Gas Price.release.xcconfig */,
			);
			path = Pods;
			sourceTree = "<group>";
		};
		F099E10623D3AE7400F20B7B = {
			isa = PBXGroup;
			children = (
				F099E11123D3AE7400F20B7B /* Ethereum Gas Price */,
				F099E13923D3B0DB00F20B7B /* Ethereum Gas Price Extension */,
				F099E11023D3AE7400F20B7B /* Products */,
				E3C82529EB44B5D444D54A06 /* Pods */,
				A63B390A0D5F4AADAEDF1881 /* Frameworks */,
			);
			sourceTree = "<group>";
		};
		F099E11023D3AE7400F20B7B /* Products */ = {
			isa = PBXGroup;
			children = (
				F099E10F23D3AE7400F20B7B /* Ethereum Gas Price.app */,
				F099E13623D3B0DB00F20B7B /* Ethereum Gas Price Extension.appex */,
			);
			name = Products;
			sourceTree = "<group>";
		};
		F099E11123D3AE7400F20B7B /* Ethereum Gas Price */ = {
			isa = PBXGroup;
			children = (
				F099E12623D3AFAC00F20B7B /* Initialization */,
				F099E16123D3B17300F20B7B /* Model */,
				F099E16323D3B18600F20B7B /* View */,
				F099E16223D3B17D00F20B7B /* Controller */,
				F099E12F23D3AFF100F20B7B /* Network */,
				F099E13023D3B02400F20B7B /* Assets.xcassets */,
				F099E12023D3AE7600F20B7B /* Info.plist */,
			);
			path = "Ethereum Gas Price";
			sourceTree = "<group>";
		};
		F099E12623D3AFAC00F20B7B /* Initialization */ = {
			isa = PBXGroup;
			children = (
				F099E11223D3AE7400F20B7B /* AppDelegate.swift */,
				F099E11423D3AE7400F20B7B /* SceneDelegate.swift */,
			);
			path = Initialization;
			sourceTree = "<group>";
		};
		F099E12F23D3AFF100F20B7B /* Network */ = {
			isa = PBXGroup;
			children = (
				F099E12923D3AFEA00F20B7B /* EGPNetwork.swift */,
				F099E16623D3B28400F20B7B /* Constants.swift */,
			);
			path = Network;
			sourceTree = "<group>";
		};
		F099E13923D3B0DB00F20B7B /* Ethereum Gas Price Extension */ = {
			isa = PBXGroup;
			children = (
				F099E15C23D3B13E00F20B7B /* MainInterface.storyboard */,
				F099E15823D3B12B00F20B7B /* TodayViewController.swift */,
				F099E13F23D3B0DB00F20B7B /* Info.plist */,
			);
			path = "Ethereum Gas Price Extension";
			sourceTree = "<group>";
		};
		F099E16123D3B17300F20B7B /* Model */ = {
			isa = PBXGroup;
			children = (
				F099E12A23D3AFEB00F20B7B /* ETHGasModel.swift */,
				F099E12B23D3AFEB00F20B7B /* EthPriceModel.swift */,
			);
			path = Model;
			sourceTree = "<group>";
		};
		F099E16223D3B17D00F20B7B /* Controller */ = {
			isa = PBXGroup;
			children = (
				F099E11623D3AE7400F20B7B /* ViewController.swift */,
			);
			path = Controller;
			sourceTree = "<group>";
		};
		F099E16323D3B18600F20B7B /* View */ = {
			isa = PBXGroup;
			children = (
				F099E12723D3AFD600F20B7B /* Main.storyboard */,
				F099E16923D3BE3F00F20B7B /* LaunchScreen.storyboard */,
			);
			path = View;
			sourceTree = "<group>";
		};
/* End PBXGroup section */

/* Begin PBXNativeTarget section */
		F099E10E23D3AE7400F20B7B /* Ethereum Gas Price */ = {
			isa = PBXNativeTarget;
			buildConfigurationList = F099E12323D3AE7600F20B7B /* Build configuration list for PBXNativeTarget "Ethereum Gas Price" */;
			buildPhases = (
				559EE0328795B6AA7E7C289A /* [CP] Check Pods Manifest.lock */,
				F099E10B23D3AE7400F20B7B /* Sources */,
				F099E10C23D3AE7400F20B7B /* Frameworks */,
				F099E10D23D3AE7400F20B7B /* Resources */,
				402EC824D25EAEA45AA00232 /* [CP] Embed Pods Frameworks */,
				F099E14623D3B0DB00F20B7B /* Embed App Extensions */,
			);
			buildRules = (
			);
			dependencies = (
				F099E14123D3B0DB00F20B7B /* PBXTargetDependency */,
			);
			name = "Ethereum Gas Price";
			productName = "Ethereum Gas Price";
			productReference = F099E10F23D3AE7400F20B7B /* Ethereum Gas Price.app */;
			productType = "com.apple.product-type.application";
		};
		F099E13523D3B0DB00F20B7B /* Ethereum Gas Price Extension */ = {
			isa = PBXNativeTarget;
			buildConfigurationList = F099E14323D3B0DB00F20B7B /* Build configuration list for PBXNativeTarget "Ethereum Gas Price Extension" */;
			buildPhases = (
				F099E13223D3B0DB00F20B7B /* Sources */,
				F099E13323D3B0DB00F20B7B /* Frameworks */,
				F099E13423D3B0DB00F20B7B /* Resources */,
			);
			buildRules = (
			);
			dependencies = (
			);
			name = "Ethereum Gas Price Extension";
			productName = "Ethereum Gas Price Extension";
			productReference = F099E13623D3B0DB00F20B7B /* Ethereum Gas Price Extension.appex */;
			productType = "com.apple.product-type.app-extension";
		};
/* End PBXNativeTarget section */

/* Begin PBXProject section */
		F099E10723D3AE7400F20B7B /* Project object */ = {
			isa = PBXProject;
			attributes = {
				LastSwiftUpdateCheck = 1130;
				LastUpgradeCheck = 1130;
				ORGANIZATIONNAME = "Jing Song Du";
				TargetAttributes = {
					F099E10E23D3AE7400F20B7B = {
						CreatedOnToolsVersion = 11.3.1;
					};
					F099E13523D3B0DB00F20B7B = {
						CreatedOnToolsVersion = 11.3.1;
					};
				};
			};
			buildConfigurationList = F099E10A23D3AE7400F20B7B /* Build configuration list for PBXProject "Ethereum Gas Price" */;
			compatibilityVersion = "Xcode 9.3";
			developmentRegion = en;
			hasScannedForEncodings = 0;
			knownRegions = (
				en,
				Base,
			);
			mainGroup = F099E10623D3AE7400F20B7B;
			productRefGroup = F099E11023D3AE7400F20B7B /* Products */;
			projectDirPath = "";
			projectRoot = "";
			targets = (
				F099E10E23D3AE7400F20B7B /* Ethereum Gas Price */,
				F099E13523D3B0DB00F20B7B /* Ethereum Gas Price Extension */,
			);
		};
/* End PBXProject section */

/* Begin PBXResourcesBuildPhase section */
		F099E10D23D3AE7400F20B7B /* Resources */ = {
			isa = PBXResourcesBuildPhase;
			buildActionMask = 2147483647;
			files = (
				F099E16A23D3BE3F00F20B7B /* LaunchScreen.storyboard in Resources */,
				F099E13123D3B02400F20B7B /* Assets.xcassets in Resources */,
				F099E12823D3AFD600F20B7B /* Main.storyboard in Resources */,
			);
			runOnlyForDeploymentPostprocessing = 0;
		};
		F099E13423D3B0DB00F20B7B /* Resources */ = {
			isa = PBXResourcesBuildPhase;
			buildActionMask = 2147483647;
			files = (
				F099E15D23D3B13E00F20B7B /* MainInterface.storyboard in Resources */,
				F099E16B23D3BE3F00F20B7B /* LaunchScreen.storyboard in Resources */,
			);
			runOnlyForDeploymentPostprocessing = 0;
		};
/* End PBXResourcesBuildPhase section */

/* Begin PBXShellScriptBuildPhase section */
		402EC824D25EAEA45AA00232 /* [CP] Embed Pods Frameworks */ = {
			isa = PBXShellScriptBuildPhase;
			buildActionMask = 2147483647;
			files = (
			);
			inputFileListPaths = (
				"${PODS_ROOT}/Target Support Files/Pods-Ethereum Gas Price/Pods-Ethereum Gas Price-frameworks-${CONFIGURATION}-input-files.xcfilelist",
			);
			name = "[CP] Embed Pods Frameworks";
			outputFileListPaths = (
				"${PODS_ROOT}/Target Support Files/Pods-Ethereum Gas Price/Pods-Ethereum Gas Price-frameworks-${CONFIGURATION}-output-files.xcfilelist",
			);
			runOnlyForDeploymentPostprocessing = 0;
			shellPath = /bin/sh;
			shellScript = "\"${PODS_ROOT}/Target Support Files/Pods-Ethereum Gas Price/Pods-Ethereum Gas Price-frameworks.sh\"\n";
			showEnvVarsInLog = 0;
		};
		559EE0328795B6AA7E7C289A /* [CP] Check Pods Manifest.lock */ = {
			isa = PBXShellScriptBuildPhase;
			buildActionMask = 2147483647;
			files = (
			);
			inputFileListPaths = (
			);
			inputPaths = (
				"${PODS_PODFILE_DIR_PATH}/Podfile.lock",
				"${PODS_ROOT}/Manifest.lock",
			);
			name = "[CP] Check Pods Manifest.lock";
			outputFileListPaths = (
			);
			outputPaths = (
				"$(DERIVED_FILE_DIR)/Pods-Ethereum Gas Price-checkManifestLockResult.txt",
			);
			runOnlyForDeploymentPostprocessing = 0;
			shellPath = /bin/sh;
			shellScript = "diff \"${PODS_PODFILE_DIR_PATH}/Podfile.lock\" \"${PODS_ROOT}/Manifest.lock\" > /dev/null\nif [ $? != 0 ] ; then\n    # print error to STDERR\n    echo \"error: The sandbox is not in sync with the Podfile.lock. Run 'pod install' or update your CocoaPods installation.\" >&2\n    exit 1\nfi\n# This output is used by Xcode 'outputs' to avoid re-running this script phase.\necho \"SUCCESS\" > \"${SCRIPT_OUTPUT_FILE_0}\"\n";
			showEnvVarsInLog = 0;
		};
/* End PBXShellScriptBuildPhase section */

/* Begin PBXSourcesBuildPhase section */
		F099E10B23D3AE7400F20B7B /* Sources */ = {
			isa = PBXSourcesBuildPhase;
			buildActionMask = 2147483647;
			files = (
				F099E11723D3AE7400F20B7B /* ViewController.swift in Sources */,
				F099E12E23D3AFEB00F20B7B /* EthPriceModel.swift in Sources */,
				F099E12C23D3AFEB00F20B7B /* EGPNetwork.swift in Sources */,
				F099E11323D3AE7400F20B7B /* AppDelegate.swift in Sources */,
				F099E16723D3B28400F20B7B /* Constants.swift in Sources */,
				F099E11523D3AE7400F20B7B /* SceneDelegate.swift in Sources */,
				F099E12D23D3AFEB00F20B7B /* ETHGasModel.swift in Sources */,
			);
			runOnlyForDeploymentPostprocessing = 0;
		};
		F099E13223D3B0DB00F20B7B /* Sources */ = {
			isa = PBXSourcesBuildPhase;
			buildActionMask = 2147483647;
			files = (
				F099E16823D3B28400F20B7B /* Constants.swift in Sources */,
				F099E16423D3B1A100F20B7B /* ETHGasModel.swift in Sources */,
				F099E15A23D3B12B00F20B7B /* TodayViewController.swift in Sources */,
				F099E15E23D3B16000F20B7B /* EGPNetwork.swift in Sources */,
				F099E16523D3B1A400F20B7B /* EthPriceModel.swift in Sources */,
			);
			runOnlyForDeploymentPostprocessing = 0;
		};
/* End PBXSourcesBuildPhase section */

/* Begin PBXTargetDependency section */
		F099E14123D3B0DB00F20B7B /* PBXTargetDependency */ = {
			isa = PBXTargetDependency;
			target = F099E13523D3B0DB00F20B7B /* Ethereum Gas Price Extension */;
			targetProxy = F099E14023D3B0DB00F20B7B /* PBXContainerItemProxy */;
		};
/* End PBXTargetDependency section */

/* Begin XCBuildConfiguration section */
		F099E12123D3AE7600F20B7B /* Debug */ = {
			isa = XCBuildConfiguration;
			buildSettings = {
				ALWAYS_SEARCH_USER_PATHS = NO;
				CLANG_ANALYZER_NONNULL = YES;
				CLANG_ANALYZER_NUMBER_OBJECT_CONVERSION = YES_AGGRESSIVE;
				CLANG_CXX_LANGUAGE_STANDARD = "gnu++14";
				CLANG_CXX_LIBRARY = "libc++";
				CLANG_ENABLE_MODULES = YES;
				CLANG_ENABLE_OBJC_ARC = YES;
				CLANG_ENABLE_OBJC_WEAK = YES;
				CLANG_WARN_BLOCK_CAPTURE_AUTORELEASING = YES;
				CLANG_WARN_BOOL_CONVERSION = YES;
				CLANG_WARN_COMMA = YES;
				CLANG_WARN_CONSTANT_CONVERSION = YES;
				CLANG_WARN_DEPRECATED_OBJC_IMPLEMENTATIONS = YES;
				CLANG_WARN_DIRECT_OBJC_ISA_USAGE = YES_ERROR;
				CLANG_WARN_DOCUMENTATION_COMMENTS = YES;
				CLANG_WARN_EMPTY_BODY = YES;
				CLANG_WARN_ENUM_CONVERSION = YES;
				CLANG_WARN_INFINITE_RECURSION = YES;
				CLANG_WARN_INT_CONVERSION = YES;
				CLANG_WARN_NON_LITERAL_NULL_CONVERSION = YES;
				CLANG_WARN_OBJC_IMPLICIT_RETAIN_SELF = YES;
				CLANG_WARN_OBJC_LITERAL_CONVERSION = YES;
				CLANG_WARN_OBJC_ROOT_CLASS = YES_ERROR;
				CLANG_WARN_RANGE_LOOP_ANALYSIS = YES;
				CLANG_WARN_STRICT_PROTOTYPES = YES;
				CLANG_WARN_SUSPICIOUS_MOVE = YES;
				CLANG_WARN_UNGUARDED_AVAILABILITY = YES_AGGRESSIVE;
				CLANG_WARN_UNREACHABLE_CODE = YES;
				CLANG_WARN__DUPLICATE_METHOD_MATCH = YES;
				COPY_PHASE_STRIP = NO;
				DEBUG_INFORMATION_FORMAT = dwarf;
				ENABLE_STRICT_OBJC_MSGSEND = YES;
				ENABLE_TESTABILITY = YES;
				GCC_C_LANGUAGE_STANDARD = gnu11;
				GCC_DYNAMIC_NO_PIC = NO;
				GCC_NO_COMMON_BLOCKS = YES;
				GCC_OPTIMIZATION_LEVEL = 0;
				GCC_PREPROCESSOR_DEFINITIONS = (
					"DEBUG=1",
					"$(inherited)",
				);
				GCC_WARN_64_TO_32_BIT_CONVERSION = YES;
				GCC_WARN_ABOUT_RETURN_TYPE = YES_ERROR;
				GCC_WARN_UNDECLARED_SELECTOR = YES;
				GCC_WARN_UNINITIALIZED_AUTOS = YES_AGGRESSIVE;
				GCC_WARN_UNUSED_FUNCTION = YES;
				GCC_WARN_UNUSED_VARIABLE = YES;
				IPHONEOS_DEPLOYMENT_TARGET = 13.2;
				MTL_ENABLE_DEBUG_INFO = INCLUDE_SOURCE;
				MTL_FAST_MATH = YES;
				ONLY_ACTIVE_ARCH = YES;
				SDKROOT = iphoneos;
				SWIFT_ACTIVE_COMPILATION_CONDITIONS = DEBUG;
				SWIFT_OPTIMIZATION_LEVEL = "-Onone";
			};
			name = Debug;
		};
		F099E12223D3AE7600F20B7B /* Release */ = {
			isa = XCBuildConfiguration;
			buildSettings = {
				ALWAYS_SEARCH_USER_PATHS = NO;
				CLANG_ANALYZER_NONNULL = YES;
				CLANG_ANALYZER_NUMBER_OBJECT_CONVERSION = YES_AGGRESSIVE;
				CLANG_CXX_LANGUAGE_STANDARD = "gnu++14";
				CLANG_CXX_LIBRARY = "libc++";
				CLANG_ENABLE_MODULES = YES;
				CLANG_ENABLE_OBJC_ARC = YES;
				CLANG_ENABLE_OBJC_WEAK = YES;
				CLANG_WARN_BLOCK_CAPTURE_AUTORELEASING = YES;
				CLANG_WARN_BOOL_CONVERSION = YES;
				CLANG_WARN_COMMA = YES;
				CLANG_WARN_CONSTANT_CONVERSION = YES;
				CLANG_WARN_DEPRECATED_OBJC_IMPLEMENTATIONS = YES;
				CLANG_WARN_DIRECT_OBJC_ISA_USAGE = YES_ERROR;
				CLANG_WARN_DOCUMENTATION_COMMENTS = YES;
				CLANG_WARN_EMPTY_BODY = YES;
				CLANG_WARN_ENUM_CONVERSION = YES;
				CLANG_WARN_INFINITE_RECURSION = YES;
				CLANG_WARN_INT_CONVERSION = YES;
				CLANG_WARN_NON_LITERAL_NULL_CONVERSION = YES;
				CLANG_WARN_OBJC_IMPLICIT_RETAIN_SELF = YES;
				CLANG_WARN_OBJC_LITERAL_CONVERSION = YES;
				CLANG_WARN_OBJC_ROOT_CLASS = YES_ERROR;
				CLANG_WARN_RANGE_LOOP_ANALYSIS = YES;
				CLANG_WARN_STRICT_PROTOTYPES = YES;
				CLANG_WARN_SUSPICIOUS_MOVE = YES;
				CLANG_WARN_UNGUARDED_AVAILABILITY = YES_AGGRESSIVE;
				CLANG_WARN_UNREACHABLE_CODE = YES;
				CLANG_WARN__DUPLICATE_METHOD_MATCH = YES;
				COPY_PHASE_STRIP = NO;
				DEBUG_INFORMATION_FORMAT = "dwarf-with-dsym";
				ENABLE_NS_ASSERTIONS = NO;
				ENABLE_STRICT_OBJC_MSGSEND = YES;
				GCC_C_LANGUAGE_STANDARD = gnu11;
				GCC_NO_COMMON_BLOCKS = YES;
				GCC_WARN_64_TO_32_BIT_CONVERSION = YES;
				GCC_WARN_ABOUT_RETURN_TYPE = YES_ERROR;
				GCC_WARN_UNDECLARED_SELECTOR = YES;
				GCC_WARN_UNINITIALIZED_AUTOS = YES_AGGRESSIVE;
				GCC_WARN_UNUSED_FUNCTION = YES;
				GCC_WARN_UNUSED_VARIABLE = YES;
				IPHONEOS_DEPLOYMENT_TARGET = 13.2;
				MTL_ENABLE_DEBUG_INFO = NO;
				MTL_FAST_MATH = YES;
				SDKROOT = iphoneos;
				SWIFT_COMPILATION_MODE = wholemodule;
				SWIFT_OPTIMIZATION_LEVEL = "-O";
				VALIDATE_PRODUCT = YES;
			};
			name = Release;
		};
		F099E12423D3AE7600F20B7B /* Debug */ = {
			isa = XCBuildConfiguration;
			baseConfigurationReference = C8349BC990DDFABA75A61591 /* Pods-Ethereum Gas Price.debug.xcconfig */;
			buildSettings = {
				ALWAYS_EMBED_SWIFT_STANDARD_LIBRARIES = YES;
				ASSETCATALOG_COMPILER_APPICON_NAME = AppIcon;
				CODE_SIGN_STYLE = Automatic;
				CURRENT_PROJECT_VERSION = 1.03;
				DEVELOPMENT_TEAM = 7F2BYR78VB;
				INFOPLIST_FILE = "Ethereum Gas Price/Info.plist";
				LD_RUNPATH_SEARCH_PATHS = (
					"$(inherited)",
					"@executable_path/Frameworks",
				);
				PRODUCT_BUNDLE_IDENTIFIER = com.jsdu.EthereumGasPrice;
				PRODUCT_NAME = "$(TARGET_NAME)";
				SWIFT_VERSION = 5.0;
				TARGETED_DEVICE_FAMILY = "1,2";
			};
			name = Debug;
		};
		F099E12523D3AE7600F20B7B /* Release */ = {
			isa = XCBuildConfiguration;
			baseConfigurationReference = DE31E249436E5C514A538EDD /* Pods-Ethereum Gas Price.release.xcconfig */;
			buildSettings = {
				ALWAYS_EMBED_SWIFT_STANDARD_LIBRARIES = YES;
				ASSETCATALOG_COMPILER_APPICON_NAME = AppIcon;
				CODE_SIGN_STYLE = Automatic;
				CURRENT_PROJECT_VERSION = 1.03;
				DEVELOPMENT_TEAM = 7F2BYR78VB;
				INFOPLIST_FILE = "Ethereum Gas Price/Info.plist";
				LD_RUNPATH_SEARCH_PATHS = (
					"$(inherited)",
					"@executable_path/Frameworks",
				);
				PRODUCT_BUNDLE_IDENTIFIER = com.jsdu.EthereumGasPrice;
				PRODUCT_NAME = "$(TARGET_NAME)";
				SWIFT_VERSION = 5.0;
				TARGETED_DEVICE_FAMILY = "1,2";
			};
			name = Release;
		};
		F099E14423D3B0DB00F20B7B /* Debug */ = {
			isa = XCBuildConfiguration;
			buildSettings = {
				CODE_SIGN_STYLE = Automatic;
				CURRENT_PROJECT_VERSION = 1.03;
				DEVELOPMENT_TEAM = 7F2BYR78VB;
				INFOPLIST_FILE = "Ethereum Gas Price Extension/Info.plist";
				LD_RUNPATH_SEARCH_PATHS = (
					"$(inherited)",
					"@executable_path/Frameworks",
					"@executable_path/../../Frameworks",
				);
				MARKETING_VERSION = 1.0;
				PRODUCT_BUNDLE_IDENTIFIER = com.jsdu.EthereumGasPrice.Extension;
				PRODUCT_NAME = "$(TARGET_NAME)";
				SKIP_INSTALL = YES;
				SWIFT_VERSION = 5.0;
				TARGETED_DEVICE_FAMILY = "1,2";
			};
			name = Debug;
		};
		F099E14523D3B0DB00F20B7B /* Release */ = {
			isa = XCBuildConfiguration;
			buildSettings = {
				CODE_SIGN_STYLE = Automatic;
				CURRENT_PROJECT_VERSION = 1.03;
				DEVELOPMENT_TEAM = 7F2BYR78VB;
				INFOPLIST_FILE = "Ethereum Gas Price Extension/Info.plist";
				LD_RUNPATH_SEARCH_PATHS = (
					"$(inherited)",
					"@executable_path/Frameworks",
					"@executable_path/../../Frameworks",
				);
				MARKETING_VERSION = 1.0;
				PRODUCT_BUNDLE_IDENTIFIER = com.jsdu.EthereumGasPrice.Extension;
				PRODUCT_NAME = "$(TARGET_NAME)";
				SKIP_INSTALL = YES;
				SWIFT_VERSION = 5.0;
				TARGETED_DEVICE_FAMILY = "1,2";
			};
			name = Release;
		};
/* End XCBuildConfiguration section */

/* Begin XCConfigurationList section */
		F099E10A23D3AE7400F20B7B /* Build configuration list for PBXProject "Ethereum Gas Price" */ = {
			isa = XCConfigurationList;
			buildConfigurations = (
				F099E12123D3AE7600F20B7B /* Debug */,
				F099E12223D3AE7600F20B7B /* Release */,
			);
			defaultConfigurationIsVisible = 0;
			defaultConfigurationName = Release;
		};
		F099E12323D3AE7600F20B7B /* Build configuration list for PBXNativeTarget "Ethereum Gas Price" */ = {
			isa = XCConfigurationList;
			buildConfigurations = (
				F099E12423D3AE7600F20B7B /* Debug */,
				F099E12523D3AE7600F20B7B /* Release */,
			);
			defaultConfigurationIsVisible = 0;
			defaultConfigurationName = Release;
		};
		F099E14323D3B0DB00F20B7B /* Build configuration list for PBXNativeTarget "Ethereum Gas Price Extension" */ = {
			isa = XCConfigurationList;
			buildConfigurations = (
				F099E14423D3B0DB00F20B7B /* Debug */,
				F099E14523D3B0DB00F20B7B /* Release */,
			);
			defaultConfigurationIsVisible = 0;
			defaultConfigurationName = Release;
		};
/* End XCConfigurationList section */
	};
	rootObject = F099E10723D3AE7400F20B7B /* Project object */;
}
